
Microsoft Visual Studio Solution File, Format Version 12.00
# Visual Studio Version 17
VisualStudioVersion = 17.5.33627.172
MinimumVisualStudioVersion = 10.0.40219.1
Project("{FAE04EC0-301F-11D3-BF4B-00C04F79EFBC}") = "HelloWorld2.0", "HelloWorld2.0\HelloWorld2.0.csproj", "{FEA1AF72-48B5-407F-A014-2E1779F72CA1}"
EndProject
Global
	GlobalSection(SolutionConfigurationPlatforms) = preSolution
		Debug|Any CPU = Debug|Any CPU
		Release|Any CPU = Release|Any CPU
	EndGlobalSection
	GlobalSection(ProjectConfigurationPlatforms) = postSolution
		{FEA1AF72-48B5-407F-A014-2E1779F72CA1}.Debug|Any CPU.ActiveCfg = Debug|Any CPU
		{FEA1AF72-48B5-407F-A014-2E1779F72CA1}.Debug|Any CPU.Build.0 = Debug|Any CPU
		{FEA1AF72-48B5-407F-A014-2E1779F72CA1}.Release|Any CPU.ActiveCfg = Release|Any CPU
		{FEA1AF72-48B5-407F-A014-2E1779F72CA1}.Release|Any CPU.Build.0 = Release|Any CPU
	EndGlobalSection
	GlobalSection(SolutionProperties) = preSolution
		HideSolutionNode = FALSE
	EndGlobalSection
	GlobalSection(ExtensibilityGlobals) = postSolution
		SolutionGuid = {244CC906-E7BF-4CB2-9AFB-8CC264C37364}
	EndGlobalSection
EndGlobal
